
Microsoft Visual Studio Solution File, Format Version 12.00
# Visual Studio Version 17
VisualStudioVersion = 17.3.32825.248
MinimumVisualStudioVersion = 10.0.40219.1
Project("{9A19103F-16F7-4668-BE54-9A1E7A4F7556}") = "GestaoPDF.Domain", "GestaoPDF.Domain\GestaoPDF.Domain.csproj", "{30930FE9-4CA2-426E-ABC8-F3613C361414}"
EndProject
Project("{9A19103F-16F7-4668-BE54-9A1E7A4F7556}") = "GestaoPDF.Application", "GestaoPDF.Application\GestaoPDF.Application.csproj", "{6EA7CCBC-CA07-492B-9BB9-C18495060BE3}"
EndProject
Project("{9A19103F-16F7-4668-BE54-9A1E7A4F7556}") = "GestaoPDF.Infra.Data", "GestaoPDF.Infra.Data\GestaoPDF.Infra.Data.csproj", "{0ECECE07-8674-40DD-9D2C-C21D5A789AC2}"
EndProject
Project("{9A19103F-16F7-4668-BE54-9A1E7A4F7556}") = "GestaoPDF.Client.Components", "GestaoPDF.Client.Components\GestaoPDF.Client.Components.csproj", "{7EA1744B-EB2C-4141-8750-F88FAEA80E15}"
EndProject
Project("{9A19103F-16F7-4668-BE54-9A1E7A4F7556}") = "GestaoPDF.Client.Wpf", "GestaoPDF.Client.Wpf\GestaoPDF.Client.Wpf.csproj", "{C7B2B55F-A749-4DF4-A86D-4A732194ECFD}"
EndProject
Project("{2150E333-8FDC-42A3-9474-1A3956D46DE8}") = "02.Application", "02.Application", "{DE3B78B5-D6F9-41A8-9571-425E2F5818BE}"
EndProject
Project("{2150E333-8FDC-42A3-9474-1A3956D46DE8}") = "01.Domain", "01.Domain", "{0D247F74-5654-4752-834A-1592C3C59508}"
EndProject
Project("{2150E333-8FDC-42A3-9474-1A3956D46DE8}") = "03.Infra", "03.Infra", "{1C94D3B9-1578-44DF-98B7-02F5C1C063AB}"
EndProject
Project("{2150E333-8FDC-42A3-9474-1A3956D46DE8}") = "04.UI", "04.UI", "{53FB5556-DE82-4BA9-97D0-D9DA3CBB5FEC}"
EndProject
Project("{2150E333-8FDC-42A3-9474-1A3956D46DE8}") = "04.01.Component", "04.01.Component", "{F48D4CC6-B2AB-427F-AECB-9B4093E22E00}"
EndProject
Project("{2150E333-8FDC-42A3-9474-1A3956D46DE8}") = "04.02.Client", "04.02.Client", "{882DE046-EBF0-49D8-BEDB-184393915666}"
EndProject
Project("{9A19103F-16F7-4668-BE54-9A1E7A4F7556}") = "GestaoPDF.Client.Maui", "GestaoPDF.Client.Maui\GestaoPDF.Client.Maui.csproj", "{12C36946-FD3E-4BA4-A034-02B68D19726A}"
EndProject
Global
	GlobalSection(SolutionConfigurationPlatforms) = preSolution
		Debug|Any CPU = Debug|Any CPU
		Release|Any CPU = Release|Any CPU
	EndGlobalSection
	GlobalSection(ProjectConfigurationPlatforms) = postSolution
		{30930FE9-4CA2-426E-ABC8-F3613C361414}.Debug|Any CPU.ActiveCfg = Debug|Any CPU
		{30930FE9-4CA2-426E-ABC8-F3613C361414}.Debug|Any CPU.Build.0 = Debug|Any CPU
		{30930FE9-4CA2-426E-ABC8-F3613C361414}.Release|Any CPU.ActiveCfg = Release|Any CPU
		{30930FE9-4CA2-426E-ABC8-F3613C361414}.Release|Any CPU.Build.0 = Release|Any CPU
		{6EA7CCBC-CA07-492B-9BB9-C18495060BE3}.Debug|Any CPU.ActiveCfg = Debug|Any CPU
		{6EA7CCBC-CA07-492B-9BB9-C18495060BE3}.Debug|Any CPU.Build.0 = Debug|Any CPU
		{6EA7CCBC-CA07-492B-9BB9-C18495060BE3}.Release|Any CPU.ActiveCfg = Release|Any CPU
		{6EA7CCBC-CA07-492B-9BB9-C18495060BE3}.Release|Any CPU.Build.0 = Release|Any CPU
		{0ECECE07-8674-40DD-9D2C-C21D5A789AC2}.Debug|Any CPU.ActiveCfg = Debug|Any CPU
		{0ECECE07-8674-40DD-9D2C-C21D5A789AC2}.Debug|Any CPU.Build.0 = Debug|Any CPU
		{0ECECE07-8674-40DD-9D2C-C21D5A789AC2}.Release|Any CPU.ActiveCfg = Release|Any CPU
		{0ECECE07-8674-40DD-9D2C-C21D5A789AC2}.Release|Any CPU.Build.0 = Release|Any CPU
		{7EA1744B-EB2C-4141-8750-F88FAEA80E15}.Debug|Any CPU.ActiveCfg = Debug|Any CPU
		{7EA1744B-EB2C-4141-8750-F88FAEA80E15}.Debug|Any CPU.Build.0 = Debug|Any CPU
		{7EA1744B-EB2C-4141-8750-F88FAEA80E15}.Release|Any CPU.ActiveCfg = Release|Any CPU
		{7EA1744B-EB2C-4141-8750-F88FAEA80E15}.Release|Any CPU.Build.0 = Release|Any CPU
		{C7B2B55F-A749-4DF4-A86D-4A732194ECFD}.Debug|Any CPU.ActiveCfg = Debug|Any CPU
		{C7B2B55F-A749-4DF4-A86D-4A732194ECFD}.Debug|Any CPU.Build.0 = Debug|Any CPU
		{C7B2B55F-A749-4DF4-A86D-4A732194ECFD}.Release|Any CPU.ActiveCfg = Release|Any CPU
		{C7B2B55F-A749-4DF4-A86D-4A732194ECFD}.Release|Any CPU.Build.0 = Release|Any CPU
		{12C36946-FD3E-4BA4-A034-02B68D19726A}.Debug|Any CPU.ActiveCfg = Debug|Any CPU
		{12C36946-FD3E-4BA4-A034-02B68D19726A}.Debug|Any CPU.Build.0 = Debug|Any CPU
		{12C36946-FD3E-4BA4-A034-02B68D19726A}.Debug|Any CPU.Deploy.0 = Debug|Any CPU
		{12C36946-FD3E-4BA4-A034-02B68D19726A}.Release|Any CPU.ActiveCfg = Release|Any CPU
		{12C36946-FD3E-4BA4-A034-02B68D19726A}.Release|Any CPU.Build.0 = Release|Any CPU
		{12C36946-FD3E-4BA4-A034-02B68D19726A}.Release|Any CPU.Deploy.0 = Release|Any CPU
	EndGlobalSection
	GlobalSection(SolutionProperties) = preSolution
		HideSolutionNode = FALSE
	EndGlobalSection
	GlobalSection(NestedProjects) = preSolution
		{30930FE9-4CA2-426E-ABC8-F3613C361414} = {0D247F74-5654-4752-834A-1592C3C59508}
		{6EA7CCBC-CA07-492B-9BB9-C18495060BE3} = {DE3B78B5-D6F9-41A8-9571-425E2F5818BE}
		{0ECECE07-8674-40DD-9D2C-C21D5A789AC2} = {1C94D3B9-1578-44DF-98B7-02F5C1C063AB}
		{7EA1744B-EB2C-4141-8750-F88FAEA80E15} = {F48D4CC6-B2AB-427F-AECB-9B4093E22E00}
		{C7B2B55F-A749-4DF4-A86D-4A732194ECFD} = {882DE046-EBF0-49D8-BEDB-184393915666}
		{F48D4CC6-B2AB-427F-AECB-9B4093E22E00} = {53FB5556-DE82-4BA9-97D0-D9DA3CBB5FEC}
		{882DE046-EBF0-49D8-BEDB-184393915666} = {53FB5556-DE82-4BA9-97D0-D9DA3CBB5FEC}
		{12C36946-FD3E-4BA4-A034-02B68D19726A} = {882DE046-EBF0-49D8-BEDB-184393915666}
	EndGlobalSection
	GlobalSection(ExtensibilityGlobals) = postSolution
		SolutionGuid = {513AE66D-D86A-473C-83C1-3A8BE1400026}
	EndGlobalSection
EndGlobal
